
Microsoft Visual Studio Solution File, Format Version 11.00
# Visual C# Express 2010
Project("{FAE04EC0-301F-11D3-BF4B-00C04F79EFBC}") = "TrenchcoatRobots", "TrenchcoatRobots\TrenchcoatRobots\TrenchcoatRobots.csproj", "{93F3C277-4656-451A-93C9-36F3B79ED08E}"
EndProject
Project("{96E2B04D-8817-42C6-938A-82C39BA4D311}") = "TrenchcoatRobotsContent", "TrenchcoatRobots\TrenchcoatRobotsContent\TrenchcoatRobotsContent.contentproj", "{ABC5B1D0-8081-45FB-BCBA-17622ADF006C}"
EndProject
Global
	GlobalSection(SolutionConfigurationPlatforms) = preSolution
		Debug|x86 = Debug|x86
		Release|x86 = Release|x86
	EndGlobalSection
	GlobalSection(ProjectConfigurationPlatforms) = postSolution
		{93F3C277-4656-451A-93C9-36F3B79ED08E}.Debug|x86.ActiveCfg = Debug|x86
		{93F3C277-4656-451A-93C9-36F3B79ED08E}.Debug|x86.Build.0 = Debug|x86
		{93F3C277-4656-451A-93C9-36F3B79ED08E}.Release|x86.ActiveCfg = Release|x86
		{93F3C277-4656-451A-93C9-36F3B79ED08E}.Release|x86.Build.0 = Release|x86
		{ABC5B1D0-8081-45FB-BCBA-17622ADF006C}.Debug|x86.ActiveCfg = Debug|x86
		{ABC5B1D0-8081-45FB-BCBA-17622ADF006C}.Release|x86.ActiveCfg = Release|x86
	EndGlobalSection
	GlobalSection(SolutionProperties) = preSolution
		HideSolutionNode = FALSE
	EndGlobalSection
EndGlobal
